# THIS IS AN AUTOGENERATED FILE. DO NOT EDIT THIS FILE DIRECTLY.
# yarn lockfile v1


"@ai-sdk/provider-utils@1.0.18":
  version "1.0.18"
  resolved "https://registry.yarnpkg.com/@ai-sdk/provider-utils/-/provider-utils-1.0.18.tgz#bd30948d6b4ad73a3fbc94f3beeb92f4fa198ded"
  integrity sha512-9u/XE/dB1gsIGcxiC5JfGOLzUz+EKRXt66T8KYWwDg4x8d02P+fI/EPOgkf+T4oLBrcQgvs4GPXPKoXGPJxBbg==
  dependencies:
    "@ai-sdk/provider" "0.0.23"
    eventsource-parser "1.1.2"
    nanoid "3.3.6"
    secure-json-parse "2.7.0"

"@ai-sdk/provider@0.0.23":
  version "0.0.23"
  resolved "https://registry.yarnpkg.com/@ai-sdk/provider/-/provider-0.0.23.tgz#a69a9103854bbfb500dddf0b44a399edf3db4735"
  integrity sha512-oAc49O5+xypVrKM7EUU5P/Y4DUL4JZUWVxhejoAVOTOl3WZUEWsMbP3QZR+TrimQIsS0WR/n9UuF6U0jPdp0tQ==
  dependencies:
    json-schema "0.4.0"

"@ai-sdk/react@0.0.58":
  version "0.0.58"
  resolved "https://registry.yarnpkg.com/@ai-sdk/react/-/react-0.0.58.tgz#18b9c0b237f8dc718590c1dcff9540d49cd2d814"
  integrity sha512-cqCon2wYH48K5AlGc46Z86RFC2ufVfu3zleq1hkScsc4Rv/QcVLNisZjLJYCPrFVgpmA66KImjxXiJOgBlHK8g==
  dependencies:
    "@ai-sdk/provider-utils" "1.0.18"
    "@ai-sdk/ui-utils" "0.0.43"
    swr "2.2.5"

"@ai-sdk/solid@0.0.46":
  version "0.0.46"
  resolved "https://registry.yarnpkg.com/@ai-sdk/solid/-/solid-0.0.46.tgz#3feba24ec56636ab18afb2c62d406ae8a73de52a"
  integrity sha512-WFj7DRuvh4BGoWJTqDXvQVY2e3N2Jr1aHEdmDC96fIkp/0nKYslOGqlKTlmFqhkCbz8lZUC6zA3bhhe4oK3qdw==
  dependencies:
    "@ai-sdk/provider-utils" "1.0.18"
    "@ai-sdk/ui-utils" "0.0.43"

"@ai-sdk/svelte@0.0.48":
  version "0.0.48"
  resolved "https://registry.yarnpkg.com/@ai-sdk/svelte/-/svelte-0.0.48.tgz#c898ef1b5f78430b427fafea8137b96f10ebcba0"
  integrity sha512-9PLhMz/rWClrGUxyu5mPDWffQI15qHZr9DKlrPWxy5m1/rrbUpFwuxp+dhenP8+Nk6+0UPxo6HwfvttNn7RFMQ==
  dependencies:
    "@ai-sdk/provider-utils" "1.0.18"
    "@ai-sdk/ui-utils" "0.0.43"
    sswr "2.1.0"

"@ai-sdk/ui-utils@0.0.43":
  version "0.0.43"
  resolved "https://registry.yarnpkg.com/@ai-sdk/ui-utils/-/ui-utils-0.0.43.tgz#b365d64fed5133e7a76f51d6ae51e41d8be2d633"
  integrity sha512-58tHbE+TI19hDKbQDIosxQIhm3NYDe6ZBsG7DuQ+zDHpqLx4rxgLX0uvbfqLqiLxybhfapDEx+wIfMBdkgnVdA==
  dependencies:
    "@ai-sdk/provider" "0.0.23"
    "@ai-sdk/provider-utils" "1.0.18"
    json-schema "0.4.0"
    secure-json-parse "2.7.0"
    zod-to-json-schema "3.23.2"

"@ai-sdk/vue@0.0.48":
  version "0.0.48"
  resolved "https://registry.yarnpkg.com/@ai-sdk/vue/-/vue-0.0.48.tgz#256b155daba19bf68f40bb809ccfbeba8216d1c6"
  integrity sha512-peJu9YdGYuE5tEe+JTLzufkJcthWj6qDHcCvlA9QJruNh1avniewjDgX8KpcLIPjXVNtdFpuLTgcbnSst3P+wA==
  dependencies:
    "@ai-sdk/provider-utils" "1.0.18"
    "@ai-sdk/ui-utils" "0.0.43"
    swrv "1.0.4"

"@opentelemetry/api@1.9.0":
  version "1.9.0"
  resolved "https://registry.yarnpkg.com/@opentelemetry/api/-/api-1.9.0.tgz#d03eba68273dc0f7509e2a3d5cba21eae10379fe"
  integrity sha512-3giAOQvZiH5F9bMlMiv8+GSPMeqg0dbaeo58/0SlA9sxSqZhnUtxzX9/2FzyhS9sWQf5S0GJE0AKBrFqjpeYcg==

"@types/diff-match-patch@^1.0.36":
  version "1.0.36"
  resolved "https://registry.yarnpkg.com/@types/diff-match-patch/-/diff-match-patch-1.0.36.tgz#dcef10a69d357fe9d43ac4ff2eca6b85dbf466af"
  integrity sha512-xFdR6tkm0MWvBfO8xXCSsinYxHcqkQUlcHeSpMC2ukzOb6lwQAfDmW+Qt0AvlGd8HpsS28qKsB+oPeJn9I39jg==

ai@^3.3.36:
  version "3.3.36"
  resolved "https://registry.yarnpkg.com/ai/-/ai-3.3.36.tgz#af94055a473b3aaf67d907e817824650492ccdba"
  integrity sha512-zq+1QFaaz920tXsqak4ZuAU/qWP9nC0/fBYPHxj/6wvlZcOkwC5wquTQNct/Gggnzjpu8CH2fz1VvXWUS99MSw==
  dependencies:
    "@ai-sdk/provider" "0.0.23"
    "@ai-sdk/provider-utils" "1.0.18"
    "@ai-sdk/react" "0.0.58"
    "@ai-sdk/solid" "0.0.46"
    "@ai-sdk/svelte" "0.0.48"
    "@ai-sdk/ui-utils" "0.0.43"
    "@ai-sdk/vue" "0.0.48"
    "@opentelemetry/api" "1.9.0"
    eventsource-parser "1.1.2"
    json-schema "0.4.0"
    jsondiffpatch "0.6.0"
    nanoid "3.3.6"
    secure-json-parse "2.7.0"
    zod-to-json-schema "3.23.2"

artificialintelligence@^0.0.1:
  version "0.0.1"
  resolved "https://registry.yarnpkg.com/artificialintelligence/-/artificialintelligence-0.0.1.tgz#2d038db839e60c0ad11596cf015cc900a3162f2e"
  integrity sha512-JYREZpCzyGN3FBuYE1bPueW2olPRqZ5IiBuCojIAFBH5y4YSS8i3bV4V/p3KpcMB0/vvwMd74PxQWJVlKiP+7A==

chalk@^5.3.0:
  version "5.3.0"
  resolved "https://registry.yarnpkg.com/chalk/-/chalk-5.3.0.tgz#67c20a7ebef70e7f3970a01f90fa210cb6860385"
  integrity sha512-dLitG79d+GV1Nb/VYcCDFivJeK1hiukt9QjRNVOsUtTy1rR1YJsmpGGTZ3qJos+uw7WmWF4wUwBd9jxjocFC2w==

client-only@^0.0.1:
  version "0.0.1"
  resolved "https://registry.yarnpkg.com/client-only/-/client-only-0.0.1.tgz#38bba5d403c41ab150bff64a95c85013cf73bca1"
  integrity sha512-IV3Ou0jSMzZrd3pZ48nLkT9DA7Ag1pnPzaiQhpW7c3RbcqqzvzzVu+L8gfqMp/8IM2MQtSiqaCxrrcfu8I8rMA==

diff-match-patch@^1.0.5:
  version "1.0.5"
  resolved "https://registry.yarnpkg.com/diff-match-patch/-/diff-match-patch-1.0.5.tgz#abb584d5f10cd1196dfc55aa03701592ae3f7b37"
  integrity sha512-IayShXAgj/QMXgB0IWmKx+rOPuGMhqm5w6jvFxmVenXKIzRqTAAsbBPT3kWQeGANj3jGgvcvv4yK6SxqYmikgw==

eventsource-parser@1.1.2:
  version "1.1.2"
  resolved "https://registry.yarnpkg.com/eventsource-parser/-/eventsource-parser-1.1.2.tgz#ed6154a4e3dbe7cda9278e5e35d2ffc58b309f89"
  integrity sha512-v0eOBUbiaFojBu2s2NPBfYUoRR9GjcDNvCXVaqEf5vVfpIAh9f8RCo4vXTP8c63QRKCFwoLpMpTdPwwhEKVgzA==

googleapi@^1.0.2:
  version "1.0.2"
  resolved "https://registry.yarnpkg.com/googleapi/-/googleapi-1.0.2.tgz#92704a3427c2fd01ea4219a92c1b0fbc6b421954"
  integrity sha512-NXWkHxs1TVa4ZRZZnt9DvRkNTsopnN4fkXm9RI5lj0iINh/tk2f0TiMQ3nC5XH4FEEi94jupVvyH7cCKd3lRsw==

json-schema@0.4.0:
  version "0.4.0"
  resolved "https://registry.yarnpkg.com/json-schema/-/json-schema-0.4.0.tgz#f7de4cf6efab838ebaeb3236474cbba5a1930ab5"
  integrity sha512-es94M3nTIfsEPisRafak+HDLfHXnKBhV3vU5eqPcS3flIWqcxJWgXHXiey3YrpaNsanY5ei1VoYEbOzijuq9BA==

jsondiffpatch@0.6.0:
  version "0.6.0"
  resolved "https://registry.yarnpkg.com/jsondiffpatch/-/jsondiffpatch-0.6.0.tgz#daa6a25bedf0830974c81545568d5f671c82551f"
  integrity sha512-3QItJOXp2AP1uv7waBkao5nCvhEv+QmJAd38Ybq7wNI74Q+BBmnLn4EDKz6yI9xGAIQoUF87qHt+kc1IVxB4zQ==
  dependencies:
    "@types/diff-match-patch" "^1.0.36"
    chalk "^5.3.0"
    diff-match-patch "^1.0.5"

nanoid@3.3.6:
  version "3.3.6"
  resolved "https://registry.yarnpkg.com/nanoid/-/nanoid-3.3.6.tgz#443380c856d6e9f9824267d960b4236ad583ea4c"
  integrity sha512-BGcqMMJuToF7i1rt+2PWSNVnWIkGCU78jBG3RxO/bZlnZPK2Cmi2QaffxGO/2RvWi9sL+FAiRiXMgsyxQ1DIDA==

secure-json-parse@2.7.0:
  version "2.7.0"
  resolved "https://registry.yarnpkg.com/secure-json-parse/-/secure-json-parse-2.7.0.tgz#5a5f9cd6ae47df23dba3151edd06855d47e09862"
  integrity sha512-6aU+Rwsezw7VR8/nyvKTx8QpWH9FrcYiXXlqC4z5d5XQBDRqtbfsRjnwGyqbi3gddNtWHuEk9OANUotL26qKUw==

sswr@2.1.0:
  version "2.1.0"
  resolved "https://registry.yarnpkg.com/sswr/-/sswr-2.1.0.tgz#1eb64cd647cc9e11f871e7f43554abd8c64e1103"
  integrity sha512-Cqc355SYlTAaUt8iDPaC/4DPPXK925PePLMxyBKuWd5kKc5mwsG3nT9+Mq2tyguL5s7b4Jg+IRMpTRsNTAfpSQ==
  dependencies:
    swrev "^4.0.0"

swr@2.2.5:
  version "2.2.5"
  resolved "https://registry.yarnpkg.com/swr/-/swr-2.2.5.tgz#063eea0e9939f947227d5ca760cc53696f46446b"
  integrity sha512-QtxqyclFeAsxEUeZIYmsaQ0UjimSq1RZ9Un7I68/0ClKK/U3LoyQunwkQfJZr2fc22DfIXLNDc2wFyTEikCUpg==
  dependencies:
    client-only "^0.0.1"
    use-sync-external-store "^1.2.0"

swrev@^4.0.0:
  version "4.0.0"
  resolved "https://registry.yarnpkg.com/swrev/-/swrev-4.0.0.tgz#83da6983c7ef9d71ac984a9b169fc197cbf18ff8"
  integrity sha512-LqVcOHSB4cPGgitD1riJ1Hh4vdmITOp+BkmfmXRh4hSF/t7EnS4iD+SOTmq7w5pPm/SiPeto4ADbKS6dHUDWFA==

swrv@1.0.4:
  version "1.0.4"
  resolved "https://registry.yarnpkg.com/swrv/-/swrv-1.0.4.tgz#278b4811ed4acbb1ae46654972a482fd1847e480"
  integrity sha512-zjEkcP8Ywmj+xOJW3lIT65ciY/4AL4e/Or7Gj0MzU3zBJNMdJiT8geVZhINavnlHRMMCcJLHhraLTAiDOTmQ9g==

use-sync-external-store@^1.2.0:
  version "1.2.2"
  resolved "https://registry.yarnpkg.com/use-sync-external-store/-/use-sync-external-store-1.2.2.tgz#c3b6390f3a30eba13200d2302dcdf1e7b57b2ef9"
  integrity sha512-PElTlVMwpblvbNqQ82d2n6RjStvdSoNe9FG28kNfz3WiXilJm4DdNkEzRhCZuIDwY8U08WVihhGR5iRqAwfDiw==

zod-to-json-schema@3.23.2:
  version "3.23.2"
  resolved "https://registry.yarnpkg.com/zod-to-json-schema/-/zod-to-json-schema-3.23.2.tgz#bc7e379c8050462538383e382964c03d8fe008f9"
  integrity sha512-uSt90Gzc/tUfyNqxnjlfBs8W6WSGpNBv0rVsNxP/BVSMHMKGdthPYff4xtCHYloJGM0CFxFsb3NbC0eqPhfImw==
